
Microsoft Visual Studio Solution File, Format Version 12.00
# Visual Studio Version 17
VisualStudioVersion = 17.11.35222.181
MinimumVisualStudioVersion = 10.0.40219.1
Project("{FAE04EC0-301F-11D3-BF4B-00C04F79EFBC}") = "Corte1", "Ejercicio1\Corte1.csproj", "{CA3A4FC3-04F2-4345-AA8D-6536A270A12B}"
EndProject
Global
	GlobalSection(SolutionConfigurationPlatforms) = preSolution
		Debug|Any CPU = Debug|Any CPU
		Release|Any CPU = Release|Any CPU
	EndGlobalSection
	GlobalSection(ProjectConfigurationPlatforms) = postSolution
		{CA3A4FC3-04F2-4345-AA8D-6536A270A12B}.Debug|Any CPU.ActiveCfg = Debug|Any CPU
		{CA3A4FC3-04F2-4345-AA8D-6536A270A12B}.Debug|Any CPU.Build.0 = Debug|Any CPU
		{CA3A4FC3-04F2-4345-AA8D-6536A270A12B}.Release|Any CPU.ActiveCfg = Release|Any CPU
		{CA3A4FC3-04F2-4345-AA8D-6536A270A12B}.Release|Any CPU.Build.0 = Release|Any CPU
	EndGlobalSection
	GlobalSection(SolutionProperties) = preSolution
		HideSolutionNode = FALSE
	EndGlobalSection
	GlobalSection(ExtensibilityGlobals) = postSolution
		SolutionGuid = {312AE09D-4493-473F-A970-A623351B558F}
	EndGlobalSection
EndGlobal
